
Microsoft Visual Studio Solution File, Format Version 12.00
# Visual Studio Version 16
VisualStudioVersion = 16.0.29411.108
MinimumVisualStudioVersion = 10.0.40219.1
Project("{FAE04EC0-301F-11D3-BF4B-00C04F79EFBC}") = "dotnet_vic.cli", "dotnet_vic.cli\dotnet_vic.cli.csproj", "{7C9CD196-507B-4FCB-AA44-162006677068}"
EndProject
Project("{FAE04EC0-301F-11D3-BF4B-00C04F79EFBC}") = "dotnet_vic.core", "dotnet_vic.core\dotnet_vic.core.csproj", "{49ABEE6D-C661-4850-9303-C9891611EC55}"
EndProject
Global
	GlobalSection(SolutionConfigurationPlatforms) = preSolution
		Debug|Any CPU = Debug|Any CPU
		Release|Any CPU = Release|Any CPU
	EndGlobalSection
	GlobalSection(ProjectConfigurationPlatforms) = postSolution
		{7C9CD196-507B-4FCB-AA44-162006677068}.Debug|Any CPU.ActiveCfg = Debug|Any CPU
		{7C9CD196-507B-4FCB-AA44-162006677068}.Debug|Any CPU.Build.0 = Debug|Any CPU
		{7C9CD196-507B-4FCB-AA44-162006677068}.Release|Any CPU.ActiveCfg = Release|Any CPU
		{7C9CD196-507B-4FCB-AA44-162006677068}.Release|Any CPU.Build.0 = Release|Any CPU
		{49ABEE6D-C661-4850-9303-C9891611EC55}.Debug|Any CPU.ActiveCfg = Debug|Any CPU
		{49ABEE6D-C661-4850-9303-C9891611EC55}.Debug|Any CPU.Build.0 = Debug|Any CPU
		{49ABEE6D-C661-4850-9303-C9891611EC55}.Release|Any CPU.ActiveCfg = Release|Any CPU
		{49ABEE6D-C661-4850-9303-C9891611EC55}.Release|Any CPU.Build.0 = Release|Any CPU
	EndGlobalSection
	GlobalSection(SolutionProperties) = preSolution
		HideSolutionNode = FALSE
	EndGlobalSection
	GlobalSection(ExtensibilityGlobals) = postSolution
		SolutionGuid = {D310F488-1F7F-462A-A318-4A7B0AECC137}
	EndGlobalSection
EndGlobal
